PODS:
  - Alamofire (4.4.0)
  - AlamofireImage (3.2.0):
    - Alamofire (~> 4.1)
  - RxBindNext (0.0.1):
    - RxCocoa
    - RxSwift
  - RxCocoa (3.4.0):
    - RxSwift (~> 3.4)
  - RxDataSources (1.0.3):
    - RxCocoa (~> 3.0)
    - RxSwift (~> 3.0)
  - RxSwift (3.4.0)
  - SwiftyJSON (3.1.4)

DEPENDENCIES:
  - Alamofire (~> 4.4)
  - AlamofireImage (~> 3.1)
  - RxBindNext (from `https://github.com/taewan0530/RxBindNext`)
  - RxCocoa (~> 3.4)
  - RxDataSources (~> 1.0)
  - RxSwift (~> 3.4)
  - SwiftyJSON

EXTERNAL SOURCES:
  RxBindNext:
    :git: https://github.com/taewan0530/RxBindNext

CHECKOUT OPTIONS:
  RxBindNext:
    :commit: 1b75a2ea9852c1349dd50beb2087ec7dc119c8b6
    :git: https://github.com/taewan0530/RxBindNext

SPEC CHECKSUMS:
  Alamofire: dc44b1600b800eb63da6a19039a0083d62a6a62d
  AlamofireImage: 157ed682cc81d3b9db4fb90c1f12180ac552d93b
  RxBindNext: f2125725e7aa2e604be728718ac0c0112bc454be
  RxCocoa: d14ef6b6029e1ddc6e966508c09289090de68ff9
  RxDataSources: a021a0e944ba5f7991259829d973afdbfa719c0b
  RxSwift: 3789a1af753002a14edecdb698a2424624296a9c
  SwiftyJSON: c2842d878f95482ffceec5709abc3d05680c0220

PODFILE CHECKSUM: 675fdeb3952e81222f3f069aa6e2334cd39bd597

COCOAPODS: 1.1.1
