// !$*UTF8*$!
{
	archiveVersion = 1;
	classes = {
	};
	objectVersion = 46;
	objects = {

/* Begin PBXBuildFile section */
		120593591EA8E57600C68D31 /* Router.swift in Sources */ = {isa = PBXBuildFile; fileRef = 120593581EA8E57600C68D31 /* Router.swift */; };
		1205935B1EA8E87100C68D31 /* Rx+DataRequest.swift in Sources */ = {isa = PBXBuildFile; fileRef = 1205935A1EA8E87100C68D31 /* Rx+DataRequest.swift */; };
		1205935D1EA8E91500C68D31 /* Serializable.swift in Sources */ = {isa = PBXBuildFile; fileRef = 1205935C1EA8E91500C68D31 /* Serializable.swift */; };
		1205935F1EA8EA6B00C68D31 /* Serializable+DataRequest.swift in Sources */ = {isa = PBXBuildFile; fileRef = 1205935E1EA8EA6B00C68D31 /* Serializable+DataRequest.swift */; };
		120593641EA8EC2500C68D31 /* ItemModel.swift in Sources */ = {isa = PBXBuildFile; fileRef = 120593631EA8EC2500C68D31 /* ItemModel.swift */; };
		120593661EA8EDA000C68D31 /* LookupModel.swift in Sources */ = {isa = PBXBuildFile; fileRef = 120593651EA8EDA000C68D31 /* LookupModel.swift */; };
		120593691EA8F12E00C68D31 /* ItemService.swift in Sources */ = {isa = PBXBuildFile; fileRef = 120593681EA8F12E00C68D31 /* ItemService.swift */; };
		1205936B1EA8F22400C68D31 /* LookupService.swift in Sources */ = {isa = PBXBuildFile; fileRef = 1205936A1EA8F22400C68D31 /* LookupService.swift */; };
		1205936D1EA8FC7C00C68D31 /* ItemListViewModel.swift in Sources */ = {isa = PBXBuildFile; fileRef = 1205936C1EA8FC7C00C68D31 /* ItemListViewModel.swift */; };
		120593711EA8FF0E00C68D31 /* LookupViewModel.swift in Sources */ = {isa = PBXBuildFile; fileRef = 120593701EA8FF0E00C68D31 /* LookupViewModel.swift */; };
		121D8AD11EA903FA00D9AE99 /* ItemTableCellModel.swift in Sources */ = {isa = PBXBuildFile; fileRef = 121D8AD01EA903FA00D9AE99 /* ItemTableCellModel.swift */; };
		1225401E1EAB3B4900F60967 /* RxViewController.swift in Sources */ = {isa = PBXBuildFile; fileRef = 1225401C1EAB3B4900F60967 /* RxViewController.swift */; };
		1225401F1EAB3B4900F60967 /* UIViewController+Rx.swift in Sources */ = {isa = PBXBuildFile; fileRef = 1225401D1EAB3B4900F60967 /* UIViewController+Rx.swift */; };
		1231DAA41EAC32E300D834A2 /* StarRatingView.swift in Sources */ = {isa = PBXBuildFile; fileRef = 1231DAA31EAC32E300D834A2 /* StarRatingView.swift */; };
		1258B89E1EAC48F200A81205 /* LookupHeaderView.swift in Sources */ = {isa = PBXBuildFile; fileRef = 1258B89D1EAC48F200A81205 /* LookupHeaderView.swift */; };
		125B8B691EAD810F00480D10 /* LookupTableCellType.swift in Sources */ = {isa = PBXBuildFile; fileRef = 125B8B681EAD810F00480D10 /* LookupTableCellType.swift */; };
		125B8B6B1EAD822000480D10 /* LookupReviewTableViewCell.swift in Sources */ = {isa = PBXBuildFile; fileRef = 125B8B6A1EAD822000480D10 /* LookupReviewTableViewCell.swift */; };
		125B8B6D1EAD83B500480D10 /* LookupReviewCellViewModel.swift in Sources */ = {isa = PBXBuildFile; fileRef = 125B8B6C1EAD83B500480D10 /* LookupReviewCellViewModel.swift */; };
		125B8B6F1EAD848900480D10 /* ReviewService.swift in Sources */ = {isa = PBXBuildFile; fileRef = 125B8B6E1EAD848900480D10 /* ReviewService.swift */; };
		125B8B711EAD84A600480D10 /* ReviewModel.swift in Sources */ = {isa = PBXBuildFile; fileRef = 125B8B701EAD84A600480D10 /* ReviewModel.swift */; };
		1285450A1EAC57A200330FAD /* LookupHeaderViewModel.swift in Sources */ = {isa = PBXBuildFile; fileRef = 128545091EAC57A200330FAD /* LookupHeaderViewModel.swift */; };
		128545101EAC5CE000330FAD /* Configable.swift in Sources */ = {isa = PBXBuildFile; fileRef = 1285450F1EAC5CE000330FAD /* Configable.swift */; };
		128545121EAC71C000330FAD /* AnimateScheduler.swift in Sources */ = {isa = PBXBuildFile; fileRef = 128545111EAC71C000330FAD /* AnimateScheduler.swift */; };
		128545141EAC89AB00330FAD /* LookupScreenshotTableViewCell.swift in Sources */ = {isa = PBXBuildFile; fileRef = 128545131EAC89AB00330FAD /* LookupScreenshotTableViewCell.swift */; };
		128545161EAC89BD00330FAD /* LookupContentTableViewCell.swift in Sources */ = {isa = PBXBuildFile; fileRef = 128545151EAC89BD00330FAD /* LookupContentTableViewCell.swift */; };
		128545181EAC9D6400330FAD /* LookupContentCellViewModel.swift in Sources */ = {isa = PBXBuildFile; fileRef = 128545171EAC9D6400330FAD /* LookupContentCellViewModel.swift */; };
		1285451A1EAC9D8000330FAD /* LookupScreenshotCellViewModel.swift in Sources */ = {isa = PBXBuildFile; fileRef = 128545191EAC9D8000330FAD /* LookupScreenshotCellViewModel.swift */; };
		129717F11EA8DC6B00C10677 /* AppItemListViewController.swift in Sources */ = {isa = PBXBuildFile; fileRef = 129717F01EA8DC6B00C10677 /* AppItemListViewController.swift */; };
		129717F61EA8DCFD00C10677 /* ItemTableViewCell.swift in Sources */ = {isa = PBXBuildFile; fileRef = 129717F51EA8DCFD00C10677 /* ItemTableViewCell.swift */; };
		129717FD1EA8E10A00C10677 /* AppLookupViewController.swift in Sources */ = {isa = PBXBuildFile; fileRef = 129717FC1EA8E10A00C10677 /* AppLookupViewController.swift */; };
		12B5AE231EA8D24B008627A4 /* AppDelegate.swift in Sources */ = {isa = PBXBuildFile; fileRef = 12B5AE221EA8D24B008627A4 /* AppDelegate.swift */; };
		12B5AE281EA8D24B008627A4 /* Main.storyboard in Resources */ = {isa = PBXBuildFile; fileRef = 12B5AE261EA8D24B008627A4 /* Main.storyboard */; };
		12B5AE2A1EA8D24B008627A4 /* Assets.xcassets in Resources */ = {isa = PBXBuildFile; fileRef = 12B5AE291EA8D24B008627A4 /* Assets.xcassets */; };
		12B5AE2D1EA8D24B008627A4 /* LaunchScreen.storyboard in Resources */ = {isa = PBXBuildFile; fileRef = 12B5AE2B1EA8D24B008627A4 /* LaunchScreen.storyboard */; };
		4DCAB9C8C2F2370C057FEBBD /* Pods_iTunesStoreRSS.framework in Frameworks */ = {isa = PBXBuildFile; fileRef = 2D487DF12EC8027230CA7763 /* Pods_iTunesStoreRSS.framework */; };
		653CF78EAE6C00050D3C3F90 /* Pods_iTunesStoreRss.framework in Frameworks */ = {isa = PBXBuildFile; fileRef = 698943CE1ABE6BAE8BEBBB7A /* Pods_iTunesStoreRss.framework */; };
/* End PBXBuildFile section */

/* Begin PBXFileReference section */
		120593581EA8E57600C68D31 /* Router.swift */ = {isa = PBXFileReference; fileEncoding = 4; lastKnownFileType = sourcecode.swift; path = Router.swift; sourceTree = "<group>"; };
		1205935A1EA8E87100C68D31 /* Rx+DataRequest.swift */ = {isa = PBXFileReference; fileEncoding = 4; lastKnownFileType = sourcecode.swift; path = "Rx+DataRequest.swift"; sourceTree = "<group>"; };
		1205935C1EA8E91500C68D31 /* Serializable.swift */ = {isa = PBXFileReference; fileEncoding = 4; lastKnownFileType = sourcecode.swift; path = Serializable.swift; sourceTree = "<group>"; };
		1205935E1EA8EA6B00C68D31 /* Serializable+DataRequest.swift */ = {isa = PBXFileReference; fileEncoding = 4; lastKnownFileType = sourcecode.swift; path = "Serializable+DataRequest.swift"; sourceTree = "<group>"; };
		120593631EA8EC2500C68D31 /* ItemModel.swift */ = {isa = PBXFileReference; fileEncoding = 4; lastKnownFileType = sourcecode.swift; path = ItemModel.swift; sourceTree = "<group>"; };
		120593651EA8EDA000C68D31 /* LookupModel.swift */ = {isa = PBXFileReference; fileEncoding = 4; lastKnownFileType = sourcecode.swift; path = LookupModel.swift; sourceTree = "<group>"; };
		120593681EA8F12E00C68D31 /* ItemService.swift */ = {isa = PBXFileReference; fileEncoding = 4; lastKnownFileType = sourcecode.swift; path = ItemService.swift; sourceTree = "<group>"; };
		1205936A1EA8F22400C68D31 /* LookupService.swift */ = {isa = PBXFileReference; fileEncoding = 4; lastKnownFileType = sourcecode.swift; path = LookupService.swift; sourceTree = "<group>"; };
		1205936C1EA8FC7C00C68D31 /* ItemListViewModel.swift */ = {isa = PBXFileReference; fileEncoding = 4; lastKnownFileType = sourcecode.swift; path = ItemListViewModel.swift; sourceTree = "<group>"; };
		120593701EA8FF0E00C68D31 /* LookupViewModel.swift */ = {isa = PBXFileReference; fileEncoding = 4; lastKnownFileType = sourcecode.swift; path = LookupViewModel.swift; sourceTree = "<group>"; };
		121D8AD01EA903FA00D9AE99 /* ItemTableCellModel.swift */ = {isa = PBXFileReference; fileEncoding = 4; lastKnownFileType = sourcecode.swift; path = ItemTableCellModel.swift; sourceTree = "<group>"; };
		1225401C1EAB3B4900F60967 /* RxViewController.swift */ = {isa = PBXFileReference; fileEncoding = 4; lastKnownFileType = sourcecode.swift; path = RxViewController.swift; sourceTree = "<group>"; };
		1225401D1EAB3B4900F60967 /* UIViewController+Rx.swift */ = {isa = PBXFileReference; fileEncoding = 4; lastKnownFileType = sourcecode.swift; path = "UIViewController+Rx.swift"; sourceTree = "<group>"; };
		1231DAA31EAC32E300D834A2 /* StarRatingView.swift */ = {isa = PBXFileReference; fileEncoding = 4; lastKnownFileType = sourcecode.swift; path = StarRatingView.swift; sourceTree = "<group>"; };
		1258B89D1EAC48F200A81205 /* LookupHeaderView.swift */ = {isa = PBXFileReference; fileEncoding = 4; lastKnownFileType = sourcecode.swift; path = LookupHeaderView.swift; sourceTree = "<group>"; };
		125B8B681EAD810F00480D10 /* LookupTableCellType.swift */ = {isa = PBXFileReference; fileEncoding = 4; lastKnownFileType = sourcecode.swift; path = LookupTableCellType.swift; sourceTree = "<group>"; };
		125B8B6A1EAD822000480D10 /* LookupReviewTableViewCell.swift */ = {isa = PBXFileReference; fileEncoding = 4; lastKnownFileType = sourcecode.swift; path = LookupReviewTableViewCell.swift; sourceTree = "<group>"; };
		125B8B6C1EAD83B500480D10 /* LookupReviewCellViewModel.swift */ = {isa = PBXFileReference; fileEncoding = 4; lastKnownFileType = sourcecode.swift; path = LookupReviewCellViewModel.swift; sourceTree = "<group>"; };
		125B8B6E1EAD848900480D10 /* ReviewService.swift */ = {isa = PBXFileReference; fileEncoding = 4; lastKnownFileType = sourcecode.swift; path = ReviewService.swift; sourceTree = "<group>"; };
		125B8B701EAD84A600480D10 /* ReviewModel.swift */ = {isa = PBXFileReference; fileEncoding = 4; lastKnownFileType = sourcecode.swift; path = ReviewModel.swift; sourceTree = "<group>"; };
		128545091EAC57A200330FAD /* LookupHeaderViewModel.swift */ = {isa = PBXFileReference; fileEncoding = 4; lastKnownFileType = sourcecode.swift; path = LookupHeaderViewModel.swift; sourceTree = "<group>"; };
		1285450F1EAC5CE000330FAD /* Configable.swift */ = {isa = PBXFileReference; fileEncoding = 4; lastKnownFileType = sourcecode.swift; path = Configable.swift; sourceTree = "<group>"; };
		128545111EAC71C000330FAD /* AnimateScheduler.swift */ = {isa = PBXFileReference; fileEncoding = 4; lastKnownFileType = sourcecode.swift; path = AnimateScheduler.swift; sourceTree = "<group>"; };
		128545131EAC89AB00330FAD /* LookupScreenshotTableViewCell.swift */ = {isa = PBXFileReference; fileEncoding = 4; lastKnownFileType = sourcecode.swift; path = LookupScreenshotTableViewCell.swift; sourceTree = "<group>"; };
		128545151EAC89BD00330FAD /* LookupContentTableViewCell.swift */ = {isa = PBXFileReference; fileEncoding = 4; lastKnownFileType = sourcecode.swift; path = LookupContentTableViewCell.swift; sourceTree = "<group>"; };
		128545171EAC9D6400330FAD /* LookupContentCellViewModel.swift */ = {isa = PBXFileReference; fileEncoding = 4; lastKnownFileType = sourcecode.swift; path = LookupContentCellViewModel.swift; sourceTree = "<group>"; };
		128545191EAC9D8000330FAD /* LookupScreenshotCellViewModel.swift */ = {isa = PBXFileReference; fileEncoding = 4; lastKnownFileType = sourcecode.swift; path = LookupScreenshotCellViewModel.swift; sourceTree = "<group>"; };
		129717F01EA8DC6B00C10677 /* AppItemListViewController.swift */ = {isa = PBXFileReference; fileEncoding = 4; lastKnownFileType = sourcecode.swift; path = AppItemListViewController.swift; sourceTree = "<group>"; };
		129717F51EA8DCFD00C10677 /* ItemTableViewCell.swift */ = {isa = PBXFileReference; fileEncoding = 4; lastKnownFileType = sourcecode.swift; path = ItemTableViewCell.swift; sourceTree = "<group>"; };
		129717FC1EA8E10A00C10677 /* AppLookupViewController.swift */ = {isa = PBXFileReference; fileEncoding = 4; lastKnownFileType = sourcecode.swift; path = AppLookupViewController.swift; sourceTree = "<group>"; };
		12B5AE1F1EA8D24B008627A4 /* iTunesStoreRSS.app */ = {isa = PBXFileReference; explicitFileType = wrapper.application; includeInIndex = 0; path = iTunesStoreRSS.app; sourceTree = BUILT_PRODUCTS_DIR; };
		12B5AE221EA8D24B008627A4 /* AppDelegate.swift */ = {isa = PBXFileReference; lastKnownFileType = sourcecode.swift; path = AppDelegate.swift; sourceTree = "<group>"; };
		12B5AE271EA8D24B008627A4 /* Base */ = {isa = PBXFileReference; lastKnownFileType = file.storyboard; name = Base; path = Base.lproj/Main.storyboard; sourceTree = "<group>"; };
		12B5AE291EA8D24B008627A4 /* Assets.xcassets */ = {isa = PBXFileReference; lastKnownFileType = folder.assetcatalog; path = Assets.xcassets; sourceTree = "<group>"; };
		12B5AE2C1EA8D24B008627A4 /* Base */ = {isa = PBXFileReference; lastKnownFileType = file.storyboard; name = Base; path = Base.lproj/LaunchScreen.storyboard; sourceTree = "<group>"; };
		12B5AE2E1EA8D24B008627A4 /* Info.plist */ = {isa = PBXFileReference; lastKnownFileType = text.plist.xml; path = Info.plist; sourceTree = "<group>"; };
		2D487DF12EC8027230CA7763 /* Pods_iTunesStoreRSS.framework */ = {isa = PBXFileReference; explicitFileType = wrapper.framework; includeInIndex = 0; path = Pods_iTunesStoreRSS.framework; sourceTree = BUILT_PRODUCTS_DIR; };
		4A57CDC2EED0F9728C2F50BC /* Pods-iTunesStoreRSS.release.xcconfig */ = {isa = PBXFileReference; includeInIndex = 1; lastKnownFileType = text.xcconfig; name = "Pods-iTunesStoreRSS.release.xcconfig"; path = "Pods/Target Support Files/Pods-iTunesStoreRSS/Pods-iTunesStoreRSS.release.xcconfig"; sourceTree = "<group>"; };
		560A75B7F55BD57C5DB5D34E /* Pods-iTunesStoreRss.debug.xcconfig */ = {isa = PBXFileReference; includeInIndex = 1; lastKnownFileType = text.xcconfig; name = "Pods-iTunesStoreRss.debug.xcconfig"; path = "Pods/Target Support Files/Pods-iTunesStoreRss/Pods-iTunesStoreRss.debug.xcconfig"; sourceTree = "<group>"; };
		698943CE1ABE6BAE8BEBBB7A /* Pods_iTunesStoreRss.framework */ = {isa = PBXFileReference; explicitFileType = wrapper.framework; includeInIndex = 0; path = Pods_iTunesStoreRss.framework; sourceTree = BUILT_PRODUCTS_DIR; };
		733BD8F209F84F6DD8107E2F /* Pods-iTunesStoreRss.release.xcconfig */ = {isa = PBXFileReference; includeInIndex = 1; lastKnownFileType = text.xcconfig; name = "Pods-iTunesStoreRss.release.xcconfig"; path = "Pods/Target Support Files/Pods-iTunesStoreRss/Pods-iTunesStoreRss.release.xcconfig"; sourceTree = "<group>"; };
		AF76947469CEA7CF5E356A20 /* Pods-iTunesStoreRSS.debug.xcconfig */ = {isa = PBXFileReference; includeInIndex = 1; lastKnownFileType = text.xcconfig; name = "Pods-iTunesStoreRSS.debug.xcconfig"; path = "Pods/Target Support Files/Pods-iTunesStoreRSS/Pods-iTunesStoreRSS.debug.xcconfig"; sourceTree = "<group>"; };
/* End PBXFileReference section */

/* Begin PBXFrameworksBuildPhase section */
		12B5AE1C1EA8D24B008627A4 /* Frameworks */ = {
			isa = PBXFrameworksBuildPhase;
			buildActionMask = 2147483647;
			files = (
				653CF78EAE6C00050D3C3F90 /* Pods_iTunesStoreRss.framework in Frameworks */,
				4DCAB9C8C2F2370C057FEBBD /* Pods_iTunesStoreRSS.framework in Frameworks */,
			);
			runOnlyForDeploymentPostprocessing = 0;
		};
/* End PBXFrameworksBuildPhase section */

/* Begin PBXGroup section */
		120593601EA8EAB100C68D31 /* Model */ = {
			isa = PBXGroup;
			children = (
				120593631EA8EC2500C68D31 /* ItemModel.swift */,
				120593651EA8EDA000C68D31 /* LookupModel.swift */,
				125B8B701EAD84A600480D10 /* ReviewModel.swift */,
			);
			path = Model;
			sourceTree = "<group>";
		};
		120593671EA8F11600C68D31 /* Service */ = {
			isa = PBXGroup;
			children = (
				120593681EA8F12E00C68D31 /* ItemService.swift */,
				1205936A1EA8F22400C68D31 /* LookupService.swift */,
				125B8B6E1EAD848900480D10 /* ReviewService.swift */,
			);
			path = Service;
			sourceTree = "<group>";
		};
		121D8ACF1EA903EC00D9AE99 /* ViewModel */ = {
			isa = PBXGroup;
			children = (
				121D8AD01EA903FA00D9AE99 /* ItemTableCellModel.swift */,
				128545091EAC57A200330FAD /* LookupHeaderViewModel.swift */,
				128545171EAC9D6400330FAD /* LookupContentCellViewModel.swift */,
				128545191EAC9D8000330FAD /* LookupScreenshotCellViewModel.swift */,
				125B8B6C1EAD83B500480D10 /* LookupReviewCellViewModel.swift */,
			);
			path = ViewModel;
			sourceTree = "<group>";
		};
		122540181EAB3B3C00F60967 /* Util */ = {
			isa = PBXGroup;
			children = (
				1285450F1EAC5CE000330FAD /* Configable.swift */,
			);
			path = Util;
			sourceTree = "<group>";
		};
		1225401B1EAB3B4900F60967 /* Rx */ = {
			isa = PBXGroup;
			children = (
				1225401C1EAB3B4900F60967 /* RxViewController.swift */,
				1225401D1EAB3B4900F60967 /* UIViewController+Rx.swift */,
				128545111EAC71C000330FAD /* AnimateScheduler.swift */,
			);
			path = Rx;
			sourceTree = "<group>";
		};
		1231DAA21EAC32CD00D834A2 /* View */ = {
			isa = PBXGroup;
			children = (
				1231DAA31EAC32E300D834A2 /* StarRatingView.swift */,
			);
			path = View;
			sourceTree = "<group>";
		};
		125B8B671EAD810F00480D10 /* CellType */ = {
			isa = PBXGroup;
			children = (
				125B8B681EAD810F00480D10 /* LookupTableCellType.swift */,
			);
			path = CellType;
			sourceTree = "<group>";
		};
		129717EF1EA8DC6B00C10677 /* Controller */ = {
			isa = PBXGroup;
			children = (
				129717F41EA8DCDF00C10677 /* View */,
				129717F31EA8DCD400C10677 /* ViewModel */,
				129717F01EA8DC6B00C10677 /* AppItemListViewController.swift */,
				129717FC1EA8E10A00C10677 /* AppLookupViewController.swift */,
			);
			path = Controller;
			sourceTree = "<group>";
		};
		129717F21EA8DC7000C10677 /* Storyboard */ = {
			isa = PBXGroup;
			children = (
				12B5AE261EA8D24B008627A4 /* Main.storyboard */,
				12B5AE2B1EA8D24B008627A4 /* LaunchScreen.storyboard */,
			);
			name = Storyboard;
			sourceTree = "<group>";
		};
		129717F31EA8DCD400C10677 /* ViewModel */ = {
			isa = PBXGroup;
			children = (
				1205936C1EA8FC7C00C68D31 /* ItemListViewModel.swift */,
				120593701EA8FF0E00C68D31 /* LookupViewModel.swift */,
			);
			path = ViewModel;
			sourceTree = "<group>";
		};
		129717F41EA8DCDF00C10677 /* View */ = {
			isa = PBXGroup;
			children = (
				125B8B671EAD810F00480D10 /* CellType */,
				121D8ACF1EA903EC00D9AE99 /* ViewModel */,
				129717F51EA8DCFD00C10677 /* ItemTableViewCell.swift */,
				1258B89D1EAC48F200A81205 /* LookupHeaderView.swift */,
				128545131EAC89AB00330FAD /* LookupScreenshotTableViewCell.swift */,
				128545151EAC89BD00330FAD /* LookupContentTableViewCell.swift */,
				125B8B6A1EAD822000480D10 /* LookupReviewTableViewCell.swift */,
			);
			path = View;
			sourceTree = "<group>";
		};
		129717FE1EA8E14000C10677 /* API */ = {
			isa = PBXGroup;
			children = (
				120593671EA8F11600C68D31 /* Service */,
				120593601EA8EAB100C68D31 /* Model */,
				120593581EA8E57600C68D31 /* Router.swift */,
				1205935A1EA8E87100C68D31 /* Rx+DataRequest.swift */,
				1205935E1EA8EA6B00C68D31 /* Serializable+DataRequest.swift */,
				1205935C1EA8E91500C68D31 /* Serializable.swift */,
			);
			path = API;
			sourceTree = "<group>";
		};
		12B5AE161EA8D24B008627A4 = {
			isa = PBXGroup;
			children = (
				12B5AE211EA8D24B008627A4 /* iTunesStoreRSS */,
				12B5AE201EA8D24B008627A4 /* Products */,
				3710EAD6EE152582342EDFF6 /* Pods */,
				6DD61E9DE5F54364B04F17F2 /* Frameworks */,
			);
			sourceTree = "<group>";
		};
		12B5AE201EA8D24B008627A4 /* Products */ = {
			isa = PBXGroup;
			children = (
				12B5AE1F1EA8D24B008627A4 /* iTunesStoreRSS.app */,
			);
			name = Products;
			sourceTree = "<group>";
		};
		12B5AE211EA8D24B008627A4 /* iTunesStoreRSS */ = {
			isa = PBXGroup;
			children = (
				1231DAA21EAC32CD00D834A2 /* View */,
				1225401B1EAB3B4900F60967 /* Rx */,
				122540181EAB3B3C00F60967 /* Util */,
				129717FE1EA8E14000C10677 /* API */,
				129717EF1EA8DC6B00C10677 /* Controller */,
				129717F21EA8DC7000C10677 /* Storyboard */,
				12B5AE291EA8D24B008627A4 /* Assets.xcassets */,
				12B5AE221EA8D24B008627A4 /* AppDelegate.swift */,
				12B5AE2E1EA8D24B008627A4 /* Info.plist */,
			);
			name = iTunesStoreRSS;
			path = iTunesStoreRss;
			sourceTree = "<group>";
		};
		3710EAD6EE152582342EDFF6 /* Pods */ = {
			isa = PBXGroup;
			children = (
				560A75B7F55BD57C5DB5D34E /* Pods-iTunesStoreRss.debug.xcconfig */,
				733BD8F209F84F6DD8107E2F /* Pods-iTunesStoreRss.release.xcconfig */,
				AF76947469CEA7CF5E356A20 /* Pods-iTunesStoreRSS.debug.xcconfig */,
				4A57CDC2EED0F9728C2F50BC /* Pods-iTunesStoreRSS.release.xcconfig */,
			);
			name = Pods;
			sourceTree = "<group>";
		};
		6DD61E9DE5F54364B04F17F2 /* Frameworks */ = {
			isa = PBXGroup;
			children = (
				698943CE1ABE6BAE8BEBBB7A /* Pods_iTunesStoreRss.framework */,
				2D487DF12EC8027230CA7763 /* Pods_iTunesStoreRSS.framework */,
			);
			name = Frameworks;
			sourceTree = "<group>";
		};
/* End PBXGroup section */

/* Begin PBXNativeTarget section */
		12B5AE1E1EA8D24B008627A4 /* iTunesStoreRSS */ = {
			isa = PBXNativeTarget;
			buildConfigurationList = 12B5AE311EA8D24B008627A4 /* Build configuration list for PBXNativeTarget "iTunesStoreRSS" */;
			buildPhases = (
				72BF976A3FCB787F15E9B4FE /* [CP] Check Pods Manifest.lock */,
				12B5AE1B1EA8D24B008627A4 /* Sources */,
				12B5AE1C1EA8D24B008627A4 /* Frameworks */,
				12B5AE1D1EA8D24B008627A4 /* Resources */,
				A59BB9D12E248215D6F73D58 /* [CP] Embed Pods Frameworks */,
				C8C87DBD8FAA29107A46C36E /* [CP] Copy Pods Resources */,
			);
			buildRules = (
			);
			dependencies = (
			);
			name = iTunesStoreRSS;
			productName = iTunesStoreRss;
			productReference = 12B5AE1F1EA8D24B008627A4 /* iTunesStoreRSS.app */;
			productType = "com.apple.product-type.application";
		};
/* End PBXNativeTarget section */

/* Begin PBXProject section */
		12B5AE171EA8D24B008627A4 /* Project object */ = {
			isa = PBXProject;
			attributes = {
				LastSwiftUpdateCheck = 0830;
				LastUpgradeCheck = 0830;
				ORGANIZATIONNAME = taewan;
				TargetAttributes = {
					12B5AE1E1EA8D24B008627A4 = {
						CreatedOnToolsVersion = 8.3;
						DevelopmentTeam = XAKQ2G84WP;
						ProvisioningStyle = Automatic;
					};
				};
			};
			buildConfigurationList = 12B5AE1A1EA8D24B008627A4 /* Build configuration list for PBXProject "iTunesStoreRss" */;
			compatibilityVersion = "Xcode 3.2";
			developmentRegion = English;
			hasScannedForEncodings = 0;
			knownRegions = (
				en,
				Base,
			);
			mainGroup = 12B5AE161EA8D24B008627A4;
			productRefGroup = 12B5AE201EA8D24B008627A4 /* Products */;
			projectDirPath = "";
			projectRoot = "";
			targets = (
				12B5AE1E1EA8D24B008627A4 /* iTunesStoreRSS */,
			);
		};
/* End PBXProject section */

/* Begin PBXResourcesBuildPhase section */
		12B5AE1D1EA8D24B008627A4 /* Resources */ = {
			isa = PBXResourcesBuildPhase;
			buildActionMask = 2147483647;
			files = (
				12B5AE2D1EA8D24B008627A4 /* LaunchScreen.storyboard in Resources */,
				12B5AE2A1EA8D24B008627A4 /* Assets.xcassets in Resources */,
				12B5AE281EA8D24B008627A4 /* Main.storyboard in Resources */,
			);
			runOnlyForDeploymentPostprocessing = 0;
		};
/* End PBXResourcesBuildPhase section */

/* Begin PBXShellScriptBuildPhase section */
		72BF976A3FCB787F15E9B4FE /* [CP] Check Pods Manifest.lock */ = {
			isa = PBXShellScriptBuildPhase;
			buildActionMask = 2147483647;
			files = (
			);
			inputPaths = (
			);
			name = "[CP] Check Pods Manifest.lock";
			outputPaths = (
			);
			runOnlyForDeploymentPostprocessing = 0;
			shellPath = /bin/sh;
			shellScript = "diff \"${PODS_ROOT}/../Podfile.lock\" \"${PODS_ROOT}/Manifest.lock\" > /dev/null\nif [ $? != 0 ] ; then\n    # print error to STDERR\n    echo \"error: The sandbox is not in sync with the Podfile.lock. Run 'pod install' or update your CocoaPods installation.\" >&2\n    exit 1\nfi\n";
			showEnvVarsInLog = 0;
		};
		A59BB9D12E248215D6F73D58 /* [CP] Embed Pods Frameworks */ = {
			isa = PBXShellScriptBuildPhase;
			buildActionMask = 2147483647;
			files = (
			);
			inputPaths = (
			);
			name = "[CP] Embed Pods Frameworks";
			outputPaths = (
			);
			runOnlyForDeploymentPostprocessing = 0;
			shellPath = /bin/sh;
			shellScript = "\"${SRCROOT}/Pods/Target Support Files/Pods-iTunesStoreRSS/Pods-iTunesStoreRSS-frameworks.sh\"\n";
			showEnvVarsInLog = 0;
		};
		C8C87DBD8FAA29107A46C36E /* [CP] Copy Pods Resources */ = {
			isa = PBXShellScriptBuildPhase;
			buildActionMask = 2147483647;
			files = (
			);
			inputPaths = (
			);
			name = "[CP] Copy Pods Resources";
			outputPaths = (
			);
			runOnlyForDeploymentPostprocessing = 0;
			shellPath = /bin/sh;
			shellScript = "\"${SRCROOT}/Pods/Target Support Files/Pods-iTunesStoreRSS/Pods-iTunesStoreRSS-resources.sh\"\n";
			showEnvVarsInLog = 0;
		};
/* End PBXShellScriptBuildPhase section */

/* Begin PBXSourcesBuildPhase section */
		12B5AE1B1EA8D24B008627A4 /* Sources */ = {
			isa = PBXSourcesBuildPhase;
			buildActionMask = 2147483647;
			files = (
				1231DAA41EAC32E300D834A2 /* StarRatingView.swift in Sources */,
				120593691EA8F12E00C68D31 /* ItemService.swift in Sources */,
				129717F11EA8DC6B00C10677 /* AppItemListViewController.swift in Sources */,
				1225401E1EAB3B4900F60967 /* RxViewController.swift in Sources */,
				128545141EAC89AB00330FAD /* LookupScreenshotTableViewCell.swift in Sources */,
				128545101EAC5CE000330FAD /* Configable.swift in Sources */,
				1205936B1EA8F22400C68D31 /* LookupService.swift in Sources */,
				128545161EAC89BD00330FAD /* LookupContentTableViewCell.swift in Sources */,
				121D8AD11EA903FA00D9AE99 /* ItemTableCellModel.swift in Sources */,
				1258B89E1EAC48F200A81205 /* LookupHeaderView.swift in Sources */,
				125B8B6F1EAD848900480D10 /* ReviewService.swift in Sources */,
				1205935B1EA8E87100C68D31 /* Rx+DataRequest.swift in Sources */,
				125B8B6D1EAD83B500480D10 /* LookupReviewCellViewModel.swift in Sources */,
				129717F61EA8DCFD00C10677 /* ItemTableViewCell.swift in Sources */,
				129717FD1EA8E10A00C10677 /* AppLookupViewController.swift in Sources */,
				128545121EAC71C000330FAD /* AnimateScheduler.swift in Sources */,
				1285450A1EAC57A200330FAD /* LookupHeaderViewModel.swift in Sources */,
				1225401F1EAB3B4900F60967 /* UIViewController+Rx.swift in Sources */,
				1205935D1EA8E91500C68D31 /* Serializable.swift in Sources */,
				120593641EA8EC2500C68D31 /* ItemModel.swift in Sources */,
				1285451A1EAC9D8000330FAD /* LookupScreenshotCellViewModel.swift in Sources */,
				120593711EA8FF0E00C68D31 /* LookupViewModel.swift in Sources */,
				125B8B691EAD810F00480D10 /* LookupTableCellType.swift in Sources */,
				120593591EA8E57600C68D31 /* Router.swift in Sources */,
				12B5AE231EA8D24B008627A4 /* AppDelegate.swift in Sources */,
				1205936D1EA8FC7C00C68D31 /* ItemListViewModel.swift in Sources */,
				128545181EAC9D6400330FAD /* LookupContentCellViewModel.swift in Sources */,
				125B8B6B1EAD822000480D10 /* LookupReviewTableViewCell.swift in Sources */,
				1205935F1EA8EA6B00C68D31 /* Serializable+DataRequest.swift in Sources */,
				120593661EA8EDA000C68D31 /* LookupModel.swift in Sources */,
				125B8B711EAD84A600480D10 /* ReviewModel.swift in Sources */,
			);
			runOnlyForDeploymentPostprocessing = 0;
		};
/* End PBXSourcesBuildPhase section */

/* Begin PBXVariantGroup section */
		12B5AE261EA8D24B008627A4 /* Main.storyboard */ = {
			isa = PBXVariantGroup;
			children = (
				12B5AE271EA8D24B008627A4 /* Base */,
			);
			name = Main.storyboard;
			sourceTree = "<group>";
		};
		12B5AE2B1EA8D24B008627A4 /* LaunchScreen.storyboard */ = {
			isa = PBXVariantGroup;
			children = (
				12B5AE2C1EA8D24B008627A4 /* Base */,
			);
			name = LaunchScreen.storyboard;
			sourceTree = "<group>";
		};
/* End PBXVariantGroup section */

/* Begin XCBuildConfiguration section */
		12B5AE2F1EA8D24B008627A4 /* Debug */ = {
			isa = XCBuildConfiguration;
			buildSettings = {
				ALWAYS_SEARCH_USER_PATHS = NO;
				CLANG_ANALYZER_NONNULL = YES;
				CLANG_ANALYZER_NUMBER_OBJECT_CONVERSION = YES_AGGRESSIVE;
				CLANG_CXX_LANGUAGE_STANDARD = "gnu++0x";
				CLANG_CXX_LIBRARY = "libc++";
				CLANG_ENABLE_MODULES = YES;
				CLANG_ENABLE_OBJC_ARC = YES;
				CLANG_WARN_BOOL_CONVERSION = YES;
				CLANG_WARN_CONSTANT_CONVERSION = YES;
				CLANG_WARN_DIRECT_OBJC_ISA_USAGE = YES_ERROR;
				CLANG_WARN_DOCUMENTATION_COMMENTS = YES;
				CLANG_WARN_EMPTY_BODY = YES;
				CLANG_WARN_ENUM_CONVERSION = YES;
				CLANG_WARN_INFINITE_RECURSION = YES;
				CLANG_WARN_INT_CONVERSION = YES;
				CLANG_WARN_OBJC_ROOT_CLASS = YES_ERROR;
				CLANG_WARN_SUSPICIOUS_MOVE = YES;
				CLANG_WARN_UNREACHABLE_CODE = YES;
				CLANG_WARN__DUPLICATE_METHOD_MATCH = YES;
				"CODE_SIGN_IDENTITY[sdk=iphoneos*]" = "iPhone Developer";
				COPY_PHASE_STRIP = NO;
				DEBUG_INFORMATION_FORMAT = dwarf;
				ENABLE_STRICT_OBJC_MSGSEND = YES;
				ENABLE_TESTABILITY = YES;
				GCC_C_LANGUAGE_STANDARD = gnu99;
				GCC_DYNAMIC_NO_PIC = NO;
				GCC_NO_COMMON_BLOCKS = YES;
				GCC_OPTIMIZATION_LEVEL = 0;
				GCC_PREPROCESSOR_DEFINITIONS = (
					"DEBUG=1",
					"$(inherited)",
				);
				GCC_WARN_64_TO_32_BIT_CONVERSION = YES;
				GCC_WARN_ABOUT_RETURN_TYPE = YES_ERROR;
				GCC_WARN_UNDECLARED_SELECTOR = YES;
				GCC_WARN_UNINITIALIZED_AUTOS = YES_AGGRESSIVE;
				GCC_WARN_UNUSED_FUNCTION = YES;
				GCC_WARN_UNUSED_VARIABLE = YES;
				IPHONEOS_DEPLOYMENT_TARGET = 10.3;
				MTL_ENABLE_DEBUG_INFO = YES;
				ONLY_ACTIVE_ARCH = YES;
				SDKROOT = iphoneos;
				SWIFT_ACTIVE_COMPILATION_CONDITIONS = DEBUG;
				SWIFT_OPTIMIZATION_LEVEL = "-Onone";
			};
			name = Debug;
		};
		12B5AE301EA8D24B008627A4 /* Release */ = {
			isa = XCBuildConfiguration;
			buildSettings = {
				ALWAYS_SEARCH_USER_PATHS = NO;
				CLANG_ANALYZER_NONNULL = YES;
				CLANG_ANALYZER_NUMBER_OBJECT_CONVERSION = YES_AGGRESSIVE;
				CLANG_CXX_LANGUAGE_STANDARD = "gnu++0x";
				CLANG_CXX_LIBRARY = "libc++";
				CLANG_ENABLE_MODULES = YES;
				CLANG_ENABLE_OBJC_ARC = YES;
				CLANG_WARN_BOOL_CONVERSION = YES;
				CLANG_WARN_CONSTANT_CONVERSION = YES;
				CLANG_WARN_DIRECT_OBJC_ISA_USAGE = YES_ERROR;
				CLANG_WARN_DOCUMENTATION_COMMENTS = YES;
				CLANG_WARN_EMPTY_BODY = YES;
				CLANG_WARN_ENUM_CONVERSION = YES;
				CLANG_WARN_INFINITE_RECURSION = YES;
				CLANG_WARN_INT_CONVERSION = YES;
				CLANG_WARN_OBJC_ROOT_CLASS = YES_ERROR;
				CLANG_WARN_SUSPICIOUS_MOVE = YES;
				CLANG_WARN_UNREACHABLE_CODE = YES;
				CLANG_WARN__DUPLICATE_METHOD_MATCH = YES;
				"CODE_SIGN_IDENTITY[sdk=iphoneos*]" = "iPhone Developer";
				COPY_PHASE_STRIP = NO;
				DEBUG_INFORMATION_FORMAT = "dwarf-with-dsym";
				ENABLE_NS_ASSERTIONS = NO;
				ENABLE_STRICT_OBJC_MSGSEND = YES;
				GCC_C_LANGUAGE_STANDARD = gnu99;
				GCC_NO_COMMON_BLOCKS = YES;
				GCC_WARN_64_TO_32_BIT_CONVERSION = YES;
				GCC_WARN_ABOUT_RETURN_TYPE = YES_ERROR;
				GCC_WARN_UNDECLARED_SELECTOR = YES;
				GCC_WARN_UNINITIALIZED_AUTOS = YES_AGGRESSIVE;
				GCC_WARN_UNUSED_FUNCTION = YES;
				GCC_WARN_UNUSED_VARIABLE = YES;
				IPHONEOS_DEPLOYMENT_TARGET = 10.3;
				MTL_ENABLE_DEBUG_INFO = NO;
				SDKROOT = iphoneos;
				SWIFT_OPTIMIZATION_LEVEL = "-Owholemodule";
				VALIDATE_PRODUCT = YES;
			};
			name = Release;
		};
		12B5AE321EA8D24B008627A4 /* Debug */ = {
			isa = XCBuildConfiguration;
			baseConfigurationReference = AF76947469CEA7CF5E356A20 /* Pods-iTunesStoreRSS.debug.xcconfig */;
			buildSettings = {
				ASSETCATALOG_COMPILER_APPICON_NAME = AppIcon;
				DEVELOPMENT_TEAM = XAKQ2G84WP;
				INFOPLIST_FILE = iTunesStoreRss/Info.plist;
				IPHONEOS_DEPLOYMENT_TARGET = 9.0;
				LD_RUNPATH_SEARCH_PATHS = "$(inherited) @executable_path/Frameworks";
				PRODUCT_BUNDLE_IDENTIFIER = kr.co.taewan.iTunesStoreRSS;
				PRODUCT_NAME = "$(TARGET_NAME)";
				SWIFT_VERSION = 3.0;
			};
			name = Debug;
		};
		12B5AE331EA8D24B008627A4 /* Release */ = {
			isa = XCBuildConfiguration;
			baseConfigurationReference = 4A57CDC2EED0F9728C2F50BC /* Pods-iTunesStoreRSS.release.xcconfig */;
			buildSettings = {
				ASSETCATALOG_COMPILER_APPICON_NAME = AppIcon;
				DEVELOPMENT_TEAM = XAKQ2G84WP;
				INFOPLIST_FILE = iTunesStoreRss/Info.plist;
				IPHONEOS_DEPLOYMENT_TARGET = 9.0;
				LD_RUNPATH_SEARCH_PATHS = "$(inherited) @executable_path/Frameworks";
				PRODUCT_BUNDLE_IDENTIFIER = kr.co.taewan.iTunesStoreRSS;
				PRODUCT_NAME = "$(TARGET_NAME)";
				SWIFT_VERSION = 3.0;
			};
			name = Release;
		};
/* End XCBuildConfiguration section */

/* Begin XCConfigurationList section */
		12B5AE1A1EA8D24B008627A4 /* Build configuration list for PBXProject "iTunesStoreRss" */ = {
			isa = XCConfigurationList;
			buildConfigurations = (
				12B5AE2F1EA8D24B008627A4 /* Debug */,
				12B5AE301EA8D24B008627A4 /* Release */,
			);
			defaultConfigurationIsVisible = 0;
			defaultConfigurationName = Release;
		};
		12B5AE311EA8D24B008627A4 /* Build configuration list for PBXNativeTarget "iTunesStoreRSS" */ = {
			isa = XCConfigurationList;
			buildConfigurations = (
				12B5AE321EA8D24B008627A4 /* Debug */,
				12B5AE331EA8D24B008627A4 /* Release */,
			);
			defaultConfigurationIsVisible = 0;
			defaultConfigurationName = Release;
		};
/* End XCConfigurationList section */
	};
	rootObject = 12B5AE171EA8D24B008627A4 /* Project object */;
}
