// !$*UTF8*$!
{
	archiveVersion = 1;
	classes = {
	};
	objectVersion = 46;
	objects = {

/* Begin PBXBuildFile section */
		120593591EA8E57600C68D31 /* Router.swift in Sources */ = {isa = PBXBuildFile; fileRef = 120593581EA8E57600C68D31 /* Router.swift */; };
		1205935B1EA8E87100C68D31 /* Rx+DataRequest.swift in Sources */ = {isa = PBXBuildFile; fileRef = 1205935A1EA8E87100C68D31 /* Rx+DataRequest.swift */; };
		1205935D1EA8E91500C68D31 /* Serializable.swift in Sources */ = {isa = PBXBuildFile; fileRef = 1205935C1EA8E91500C68D31 /* Serializable.swift */; };
		1205935F1EA8EA6B00C68D31 /* Serializable+DataRequest.swift in Sources */ = {isa = PBXBuildFile; fileRef = 1205935E1EA8EA6B00C68D31 /* Serializable+DataRequest.swift */; };
		120593641EA8EC2500C68D31 /* RssModel.swift in Sources */ = {isa = PBXBuildFile; fileRef = 120593631EA8EC2500C68D31 /* RssModel.swift */; };
		120593661EA8EDA000C68D31 /* LookupModel.swift in Sources */ = {isa = PBXBuildFile; fileRef = 120593651EA8EDA000C68D31 /* LookupModel.swift */; };
		120593691EA8F12E00C68D31 /* RssService.swift in Sources */ = {isa = PBXBuildFile; fileRef = 120593681EA8F12E00C68D31 /* RssService.swift */; };
		1205936B1EA8F22400C68D31 /* LookupService.swift in Sources */ = {isa = PBXBuildFile; fileRef = 1205936A1EA8F22400C68D31 /* LookupService.swift */; };
		1205936D1EA8FC7C00C68D31 /* AppRssListViewModel.swift in Sources */ = {isa = PBXBuildFile; fileRef = 1205936C1EA8FC7C00C68D31 /* AppRssListViewModel.swift */; };
		1205936F1EA8FC8800C68D31 /* AppRssListViewModel+Protoocl.swift in Sources */ = {isa = PBXBuildFile; fileRef = 1205936E1EA8FC8800C68D31 /* AppRssListViewModel+Protoocl.swift */; };
		120593711EA8FF0E00C68D31 /* AppLookupViewModel.swift in Sources */ = {isa = PBXBuildFile; fileRef = 120593701EA8FF0E00C68D31 /* AppLookupViewModel.swift */; };
		120593731EA8FF1D00C68D31 /* AppLookupViewModel+Protocol.swift in Sources */ = {isa = PBXBuildFile; fileRef = 120593721EA8FF1D00C68D31 /* AppLookupViewModel+Protocol.swift */; };
		121D8AD11EA903FA00D9AE99 /* AppRssTableViewModel.swift in Sources */ = {isa = PBXBuildFile; fileRef = 121D8AD01EA903FA00D9AE99 /* AppRssTableViewModel.swift */; };
		121D8AD31EA905E100D9AE99 /* RxViewController.swift in Sources */ = {isa = PBXBuildFile; fileRef = 121D8AD21EA905E100D9AE99 /* RxViewController.swift */; };
		121D8AD61EA90DC300D9AE99 /* UIViewController+Rx.swift in Sources */ = {isa = PBXBuildFile; fileRef = 121D8AD51EA90DC300D9AE99 /* UIViewController+Rx.swift */; };
		129717F11EA8DC6B00C10677 /* AppRssListViewController.swift in Sources */ = {isa = PBXBuildFile; fileRef = 129717F01EA8DC6B00C10677 /* AppRssListViewController.swift */; };
		129717F61EA8DCFD00C10677 /* AppRssTableViewCell.swift in Sources */ = {isa = PBXBuildFile; fileRef = 129717F51EA8DCFD00C10677 /* AppRssTableViewCell.swift */; };
		129717F91EA8DDCD00C10677 /* Style+UIColor.swift in Sources */ = {isa = PBXBuildFile; fileRef = 129717F81EA8DDCD00C10677 /* Style+UIColor.swift */; };
		129717FD1EA8E10A00C10677 /* AppLookupViewController.swift in Sources */ = {isa = PBXBuildFile; fileRef = 129717FC1EA8E10A00C10677 /* AppLookupViewController.swift */; };
		12B5AE231EA8D24B008627A4 /* AppDelegate.swift in Sources */ = {isa = PBXBuildFile; fileRef = 12B5AE221EA8D24B008627A4 /* AppDelegate.swift */; };
		12B5AE281EA8D24B008627A4 /* Main.storyboard in Resources */ = {isa = PBXBuildFile; fileRef = 12B5AE261EA8D24B008627A4 /* Main.storyboard */; };
		12B5AE2A1EA8D24B008627A4 /* Assets.xcassets in Resources */ = {isa = PBXBuildFile; fileRef = 12B5AE291EA8D24B008627A4 /* Assets.xcassets */; };
		12B5AE2D1EA8D24B008627A4 /* LaunchScreen.storyboard in Resources */ = {isa = PBXBuildFile; fileRef = 12B5AE2B1EA8D24B008627A4 /* LaunchScreen.storyboard */; };
		653CF78EAE6C00050D3C3F90 /* Pods_iTunesStoreRss.framework in Frameworks */ = {isa = PBXBuildFile; fileRef = 698943CE1ABE6BAE8BEBBB7A /* Pods_iTunesStoreRss.framework */; };
/* End PBXBuildFile section */

/* Begin PBXFileReference section */
		120593581EA8E57600C68D31 /* Router.swift */ = {isa = PBXFileReference; fileEncoding = 4; lastKnownFileType = sourcecode.swift; path = Router.swift; sourceTree = "<group>"; };
		1205935A1EA8E87100C68D31 /* Rx+DataRequest.swift */ = {isa = PBXFileReference; fileEncoding = 4; lastKnownFileType = sourcecode.swift; path = "Rx+DataRequest.swift"; sourceTree = "<group>"; };
		1205935C1EA8E91500C68D31 /* Serializable.swift */ = {isa = PBXFileReference; fileEncoding = 4; lastKnownFileType = sourcecode.swift; path = Serializable.swift; sourceTree = "<group>"; };
		1205935E1EA8EA6B00C68D31 /* Serializable+DataRequest.swift */ = {isa = PBXFileReference; fileEncoding = 4; lastKnownFileType = sourcecode.swift; path = "Serializable+DataRequest.swift"; sourceTree = "<group>"; };
		120593631EA8EC2500C68D31 /* RssModel.swift */ = {isa = PBXFileReference; fileEncoding = 4; lastKnownFileType = sourcecode.swift; path = RssModel.swift; sourceTree = "<group>"; };
		120593651EA8EDA000C68D31 /* LookupModel.swift */ = {isa = PBXFileReference; fileEncoding = 4; lastKnownFileType = sourcecode.swift; path = LookupModel.swift; sourceTree = "<group>"; };
		120593681EA8F12E00C68D31 /* RssService.swift */ = {isa = PBXFileReference; fileEncoding = 4; lastKnownFileType = sourcecode.swift; path = RssService.swift; sourceTree = "<group>"; };
		1205936A1EA8F22400C68D31 /* LookupService.swift */ = {isa = PBXFileReference; fileEncoding = 4; lastKnownFileType = sourcecode.swift; path = LookupService.swift; sourceTree = "<group>"; };
		1205936C1EA8FC7C00C68D31 /* AppRssListViewModel.swift */ = {isa = PBXFileReference; fileEncoding = 4; lastKnownFileType = sourcecode.swift; path = AppRssListViewModel.swift; sourceTree = "<group>"; };
		1205936E1EA8FC8800C68D31 /* AppRssListViewModel+Protoocl.swift */ = {isa = PBXFileReference; fileEncoding = 4; lastKnownFileType = sourcecode.swift; path = "AppRssListViewModel+Protoocl.swift"; sourceTree = "<group>"; };
		120593701EA8FF0E00C68D31 /* AppLookupViewModel.swift */ = {isa = PBXFileReference; fileEncoding = 4; lastKnownFileType = sourcecode.swift; path = AppLookupViewModel.swift; sourceTree = "<group>"; };
		120593721EA8FF1D00C68D31 /* AppLookupViewModel+Protocol.swift */ = {isa = PBXFileReference; fileEncoding = 4; lastKnownFileType = sourcecode.swift; path = "AppLookupViewModel+Protocol.swift"; sourceTree = "<group>"; };
		121D8AD01EA903FA00D9AE99 /* AppRssTableViewModel.swift */ = {isa = PBXFileReference; fileEncoding = 4; lastKnownFileType = sourcecode.swift; path = AppRssTableViewModel.swift; sourceTree = "<group>"; };
		121D8AD21EA905E100D9AE99 /* RxViewController.swift */ = {isa = PBXFileReference; fileEncoding = 4; lastKnownFileType = sourcecode.swift; path = RxViewController.swift; sourceTree = "<group>"; };
		121D8AD51EA90DC300D9AE99 /* UIViewController+Rx.swift */ = {isa = PBXFileReference; fileEncoding = 4; lastKnownFileType = sourcecode.swift; path = "UIViewController+Rx.swift"; sourceTree = "<group>"; };
		129717F01EA8DC6B00C10677 /* AppRssListViewController.swift */ = {isa = PBXFileReference; fileEncoding = 4; lastKnownFileType = sourcecode.swift; path = AppRssListViewController.swift; sourceTree = "<group>"; };
		129717F51EA8DCFD00C10677 /* AppRssTableViewCell.swift */ = {isa = PBXFileReference; fileEncoding = 4; lastKnownFileType = sourcecode.swift; path = AppRssTableViewCell.swift; sourceTree = "<group>"; };
		129717F81EA8DDCD00C10677 /* Style+UIColor.swift */ = {isa = PBXFileReference; fileEncoding = 4; lastKnownFileType = sourcecode.swift; path = "Style+UIColor.swift"; sourceTree = "<group>"; };
		129717FC1EA8E10A00C10677 /* AppLookupViewController.swift */ = {isa = PBXFileReference; fileEncoding = 4; lastKnownFileType = sourcecode.swift; path = AppLookupViewController.swift; sourceTree = "<group>"; };
		12B5AE1F1EA8D24B008627A4 /* iTunesStoreRss.app */ = {isa = PBXFileReference; explicitFileType = wrapper.application; includeInIndex = 0; path = iTunesStoreRss.app; sourceTree = BUILT_PRODUCTS_DIR; };
		12B5AE221EA8D24B008627A4 /* AppDelegate.swift */ = {isa = PBXFileReference; lastKnownFileType = sourcecode.swift; path = AppDelegate.swift; sourceTree = "<group>"; };
		12B5AE271EA8D24B008627A4 /* Base */ = {isa = PBXFileReference; lastKnownFileType = file.storyboard; name = Base; path = Base.lproj/Main.storyboard; sourceTree = "<group>"; };
		12B5AE291EA8D24B008627A4 /* Assets.xcassets */ = {isa = PBXFileReference; lastKnownFileType = folder.assetcatalog; path = Assets.xcassets; sourceTree = "<group>"; };
		12B5AE2C1EA8D24B008627A4 /* Base */ = {isa = PBXFileReference; lastKnownFileType = file.storyboard; name = Base; path = Base.lproj/LaunchScreen.storyboard; sourceTree = "<group>"; };
		12B5AE2E1EA8D24B008627A4 /* Info.plist */ = {isa = PBXFileReference; lastKnownFileType = text.plist.xml; path = Info.plist; sourceTree = "<group>"; };
		560A75B7F55BD57C5DB5D34E /* Pods-iTunesStoreRss.debug.xcconfig */ = {isa = PBXFileReference; includeInIndex = 1; lastKnownFileType = text.xcconfig; name = "Pods-iTunesStoreRss.debug.xcconfig"; path = "Pods/Target Support Files/Pods-iTunesStoreRss/Pods-iTunesStoreRss.debug.xcconfig"; sourceTree = "<group>"; };
		698943CE1ABE6BAE8BEBBB7A /* Pods_iTunesStoreRss.framework */ = {isa = PBXFileReference; explicitFileType = wrapper.framework; includeInIndex = 0; path = Pods_iTunesStoreRss.framework; sourceTree = BUILT_PRODUCTS_DIR; };
		733BD8F209F84F6DD8107E2F /* Pods-iTunesStoreRss.release.xcconfig */ = {isa = PBXFileReference; includeInIndex = 1; lastKnownFileType = text.xcconfig; name = "Pods-iTunesStoreRss.release.xcconfig"; path = "Pods/Target Support Files/Pods-iTunesStoreRss/Pods-iTunesStoreRss.release.xcconfig"; sourceTree = "<group>"; };
/* End PBXFileReference section */

/* Begin PBXFrameworksBuildPhase section */
		12B5AE1C1EA8D24B008627A4 /* Frameworks */ = {
			isa = PBXFrameworksBuildPhase;
			buildActionMask = 2147483647;
			files = (
				653CF78EAE6C00050D3C3F90 /* Pods_iTunesStoreRss.framework in Frameworks */,
			);
			runOnlyForDeploymentPostprocessing = 0;
		};
/* End PBXFrameworksBuildPhase section */

/* Begin PBXGroup section */
		120593601EA8EAB100C68D31 /* Model */ = {
			isa = PBXGroup;
			children = (
				120593631EA8EC2500C68D31 /* RssModel.swift */,
				120593651EA8EDA000C68D31 /* LookupModel.swift */,
			);
			path = Model;
			sourceTree = "<group>";
		};
		120593671EA8F11600C68D31 /* Service */ = {
			isa = PBXGroup;
			children = (
				120593681EA8F12E00C68D31 /* RssService.swift */,
				1205936A1EA8F22400C68D31 /* LookupService.swift */,
			);
			path = Service;
			sourceTree = "<group>";
		};
		121D8ACF1EA903EC00D9AE99 /* ViewModel */ = {
			isa = PBXGroup;
			children = (
				121D8AD01EA903FA00D9AE99 /* AppRssTableViewModel.swift */,
			);
			path = ViewModel;
			sourceTree = "<group>";
		};
		121D8AD41EA90DB900D9AE99 /* Rx */ = {
			isa = PBXGroup;
			children = (
				121D8AD51EA90DC300D9AE99 /* UIViewController+Rx.swift */,
			);
			path = Rx;
			sourceTree = "<group>";
		};
		129717EF1EA8DC6B00C10677 /* Controller */ = {
			isa = PBXGroup;
			children = (
				129717F41EA8DCDF00C10677 /* View */,
				129717F31EA8DCD400C10677 /* ViewModel */,
				129717F01EA8DC6B00C10677 /* AppRssListViewController.swift */,
				129717FC1EA8E10A00C10677 /* AppLookupViewController.swift */,
			);
			path = Controller;
			sourceTree = "<group>";
		};
		129717F21EA8DC7000C10677 /* Storyboard */ = {
			isa = PBXGroup;
			children = (
				12B5AE261EA8D24B008627A4 /* Main.storyboard */,
				12B5AE2B1EA8D24B008627A4 /* LaunchScreen.storyboard */,
			);
			name = Storyboard;
			sourceTree = "<group>";
		};
		129717F31EA8DCD400C10677 /* ViewModel */ = {
			isa = PBXGroup;
			children = (
				1205936C1EA8FC7C00C68D31 /* AppRssListViewModel.swift */,
				1205936E1EA8FC8800C68D31 /* AppRssListViewModel+Protoocl.swift */,
				120593701EA8FF0E00C68D31 /* AppLookupViewModel.swift */,
				120593721EA8FF1D00C68D31 /* AppLookupViewModel+Protocol.swift */,
			);
			path = ViewModel;
			sourceTree = "<group>";
		};
		129717F41EA8DCDF00C10677 /* View */ = {
			isa = PBXGroup;
			children = (
				121D8ACF1EA903EC00D9AE99 /* ViewModel */,
				129717F51EA8DCFD00C10677 /* AppRssTableViewCell.swift */,
			);
			path = View;
			sourceTree = "<group>";
		};
		129717F71EA8DDB000C10677 /* Style */ = {
			isa = PBXGroup;
			children = (
				129717F81EA8DDCD00C10677 /* Style+UIColor.swift */,
				121D8AD21EA905E100D9AE99 /* RxViewController.swift */,
			);
			path = Style;
			sourceTree = "<group>";
		};
		129717FE1EA8E14000C10677 /* API */ = {
			isa = PBXGroup;
			children = (
				120593671EA8F11600C68D31 /* Service */,
				120593601EA8EAB100C68D31 /* Model */,
				120593581EA8E57600C68D31 /* Router.swift */,
				1205935A1EA8E87100C68D31 /* Rx+DataRequest.swift */,
				1205935E1EA8EA6B00C68D31 /* Serializable+DataRequest.swift */,
				1205935C1EA8E91500C68D31 /* Serializable.swift */,
			);
			path = API;
			sourceTree = "<group>";
		};
		12B5AE161EA8D24B008627A4 = {
			isa = PBXGroup;
			children = (
				12B5AE211EA8D24B008627A4 /* iTunesStoreRss */,
				12B5AE201EA8D24B008627A4 /* Products */,
				3710EAD6EE152582342EDFF6 /* Pods */,
				6DD61E9DE5F54364B04F17F2 /* Frameworks */,
			);
			sourceTree = "<group>";
		};
		12B5AE201EA8D24B008627A4 /* Products */ = {
			isa = PBXGroup;
			children = (
				12B5AE1F1EA8D24B008627A4 /* iTunesStoreRss.app */,
			);
			name = Products;
			sourceTree = "<group>";
		};
		12B5AE211EA8D24B008627A4 /* iTunesStoreRss */ = {
			isa = PBXGroup;
			children = (
				121D8AD41EA90DB900D9AE99 /* Rx */,
				129717FE1EA8E14000C10677 /* API */,
				129717F71EA8DDB000C10677 /* Style */,
				129717EF1EA8DC6B00C10677 /* Controller */,
				129717F21EA8DC7000C10677 /* Storyboard */,
				12B5AE291EA8D24B008627A4 /* Assets.xcassets */,
				12B5AE221EA8D24B008627A4 /* AppDelegate.swift */,
				12B5AE2E1EA8D24B008627A4 /* Info.plist */,
			);
			path = iTunesStoreRss;
			sourceTree = "<group>";
		};
		3710EAD6EE152582342EDFF6 /* Pods */ = {
			isa = PBXGroup;
			children = (
				560A75B7F55BD57C5DB5D34E /* Pods-iTunesStoreRss.debug.xcconfig */,
				733BD8F209F84F6DD8107E2F /* Pods-iTunesStoreRss.release.xcconfig */,
			);
			name = Pods;
			sourceTree = "<group>";
		};
		6DD61E9DE5F54364B04F17F2 /* Frameworks */ = {
			isa = PBXGroup;
			children = (
				698943CE1ABE6BAE8BEBBB7A /* Pods_iTunesStoreRss.framework */,
			);
			name = Frameworks;
			sourceTree = "<group>";
		};
/* End PBXGroup section */

/* Begin PBXNativeTarget section */
		12B5AE1E1EA8D24B008627A4 /* iTunesStoreRss */ = {
			isa = PBXNativeTarget;
			buildConfigurationList = 12B5AE311EA8D24B008627A4 /* Build configuration list for PBXNativeTarget "iTunesStoreRss" */;
			buildPhases = (
				72BF976A3FCB787F15E9B4FE /* [CP] Check Pods Manifest.lock */,
				12B5AE1B1EA8D24B008627A4 /* Sources */,
				12B5AE1C1EA8D24B008627A4 /* Frameworks */,
				12B5AE1D1EA8D24B008627A4 /* Resources */,
				A59BB9D12E248215D6F73D58 /* [CP] Embed Pods Frameworks */,
				C8C87DBD8FAA29107A46C36E /* [CP] Copy Pods Resources */,
			);
			buildRules = (
			);
			dependencies = (
			);
			name = iTunesStoreRss;
			productName = iTunesStoreRss;
			productReference = 12B5AE1F1EA8D24B008627A4 /* iTunesStoreRss.app */;
			productType = "com.apple.product-type.application";
		};
/* End PBXNativeTarget section */

/* Begin PBXProject section */
		12B5AE171EA8D24B008627A4 /* Project object */ = {
			isa = PBXProject;
			attributes = {
				LastSwiftUpdateCheck = 0830;
				LastUpgradeCheck = 0830;
				ORGANIZATIONNAME = taewan;
				TargetAttributes = {
					12B5AE1E1EA8D24B008627A4 = {
						CreatedOnToolsVersion = 8.3;
						DevelopmentTeam = XAKQ2G84WP;
						ProvisioningStyle = Automatic;
					};
				};
			};
			buildConfigurationList = 12B5AE1A1EA8D24B008627A4 /* Build configuration list for PBXProject "iTunesStoreRss" */;
			compatibilityVersion = "Xcode 3.2";
			developmentRegion = English;
			hasScannedForEncodings = 0;
			knownRegions = (
				en,
				Base,
			);
			mainGroup = 12B5AE161EA8D24B008627A4;
			productRefGroup = 12B5AE201EA8D24B008627A4 /* Products */;
			projectDirPath = "";
			projectRoot = "";
			targets = (
				12B5AE1E1EA8D24B008627A4 /* iTunesStoreRss */,
			);
		};
/* End PBXProject section */

/* Begin PBXResourcesBuildPhase section */
		12B5AE1D1EA8D24B008627A4 /* Resources */ = {
			isa = PBXResourcesBuildPhase;
			buildActionMask = 2147483647;
			files = (
				12B5AE2D1EA8D24B008627A4 /* LaunchScreen.storyboard in Resources */,
				12B5AE2A1EA8D24B008627A4 /* Assets.xcassets in Resources */,
				12B5AE281EA8D24B008627A4 /* Main.storyboard in Resources */,
			);
			runOnlyForDeploymentPostprocessing = 0;
		};
/* End PBXResourcesBuildPhase section */

/* Begin PBXShellScriptBuildPhase section */
		72BF976A3FCB787F15E9B4FE /* [CP] Check Pods Manifest.lock */ = {
			isa = PBXShellScriptBuildPhase;
			buildActionMask = 2147483647;
			files = (
			);
			inputPaths = (
			);
			name = "[CP] Check Pods Manifest.lock";
			outputPaths = (
			);
			runOnlyForDeploymentPostprocessing = 0;
			shellPath = /bin/sh;
			shellScript = "diff \"${PODS_ROOT}/../Podfile.lock\" \"${PODS_ROOT}/Manifest.lock\" > /dev/null\nif [ $? != 0 ] ; then\n    # print error to STDERR\n    echo \"error: The sandbox is not in sync with the Podfile.lock. Run 'pod install' or update your CocoaPods installation.\" >&2\n    exit 1\nfi\n";
			showEnvVarsInLog = 0;
		};
		A59BB9D12E248215D6F73D58 /* [CP] Embed Pods Frameworks */ = {
			isa = PBXShellScriptBuildPhase;
			buildActionMask = 2147483647;
			files = (
			);
			inputPaths = (
			);
			name = "[CP] Embed Pods Frameworks";
			outputPaths = (
			);
			runOnlyForDeploymentPostprocessing = 0;
			shellPath = /bin/sh;
			shellScript = "\"${SRCROOT}/Pods/Target Support Files/Pods-iTunesStoreRss/Pods-iTunesStoreRss-frameworks.sh\"\n";
			showEnvVarsInLog = 0;
		};
		C8C87DBD8FAA29107A46C36E /* [CP] Copy Pods Resources */ = {
			isa = PBXShellScriptBuildPhase;
			buildActionMask = 2147483647;
			files = (
			);
			inputPaths = (
			);
			name = "[CP] Copy Pods Resources";
			outputPaths = (
			);
			runOnlyForDeploymentPostprocessing = 0;
			shellPath = /bin/sh;
			shellScript = "\"${SRCROOT}/Pods/Target Support Files/Pods-iTunesStoreRss/Pods-iTunesStoreRss-resources.sh\"\n";
			showEnvVarsInLog = 0;
		};
/* End PBXShellScriptBuildPhase section */

/* Begin PBXSourcesBuildPhase section */
		12B5AE1B1EA8D24B008627A4 /* Sources */ = {
			isa = PBXSourcesBuildPhase;
			buildActionMask = 2147483647;
			files = (
				120593731EA8FF1D00C68D31 /* AppLookupViewModel+Protocol.swift in Sources */,
				120593691EA8F12E00C68D31 /* RssService.swift in Sources */,
				129717F11EA8DC6B00C10677 /* AppRssListViewController.swift in Sources */,
				121D8AD31EA905E100D9AE99 /* RxViewController.swift in Sources */,
				1205936B1EA8F22400C68D31 /* LookupService.swift in Sources */,
				121D8AD11EA903FA00D9AE99 /* AppRssTableViewModel.swift in Sources */,
				1205935B1EA8E87100C68D31 /* Rx+DataRequest.swift in Sources */,
				129717F61EA8DCFD00C10677 /* AppRssTableViewCell.swift in Sources */,
				1205936F1EA8FC8800C68D31 /* AppRssListViewModel+Protoocl.swift in Sources */,
				129717FD1EA8E10A00C10677 /* AppLookupViewController.swift in Sources */,
				121D8AD61EA90DC300D9AE99 /* UIViewController+Rx.swift in Sources */,
				1205935D1EA8E91500C68D31 /* Serializable.swift in Sources */,
				129717F91EA8DDCD00C10677 /* Style+UIColor.swift in Sources */,
				120593641EA8EC2500C68D31 /* RssModel.swift in Sources */,
				120593711EA8FF0E00C68D31 /* AppLookupViewModel.swift in Sources */,
				120593591EA8E57600C68D31 /* Router.swift in Sources */,
				12B5AE231EA8D24B008627A4 /* AppDelegate.swift in Sources */,
				1205936D1EA8FC7C00C68D31 /* AppRssListViewModel.swift in Sources */,
				1205935F1EA8EA6B00C68D31 /* Serializable+DataRequest.swift in Sources */,
				120593661EA8EDA000C68D31 /* LookupModel.swift in Sources */,
			);
			runOnlyForDeploymentPostprocessing = 0;
		};
/* End PBXSourcesBuildPhase section */

/* Begin PBXVariantGroup section */
		12B5AE261EA8D24B008627A4 /* Main.storyboard */ = {
			isa = PBXVariantGroup;
			children = (
				12B5AE271EA8D24B008627A4 /* Base */,
			);
			name = Main.storyboard;
			sourceTree = "<group>";
		};
		12B5AE2B1EA8D24B008627A4 /* LaunchScreen.storyboard */ = {
			isa = PBXVariantGroup;
			children = (
				12B5AE2C1EA8D24B008627A4 /* Base */,
			);
			name = LaunchScreen.storyboard;
			sourceTree = "<group>";
		};
/* End PBXVariantGroup section */

/* Begin XCBuildConfiguration section */
		12B5AE2F1EA8D24B008627A4 /* Debug */ = {
			isa = XCBuildConfiguration;
			buildSettings = {
				ALWAYS_SEARCH_USER_PATHS = NO;
				CLANG_ANALYZER_NONNULL = YES;
				CLANG_ANALYZER_NUMBER_OBJECT_CONVERSION = YES_AGGRESSIVE;
				CLANG_CXX_LANGUAGE_STANDARD = "gnu++0x";
				CLANG_CXX_LIBRARY = "libc++";
				CLANG_ENABLE_MODULES = YES;
				CLANG_ENABLE_OBJC_ARC = YES;
				CLANG_WARN_BOOL_CONVERSION = YES;
				CLANG_WARN_CONSTANT_CONVERSION = YES;
				CLANG_WARN_DIRECT_OBJC_ISA_USAGE = YES_ERROR;
				CLANG_WARN_DOCUMENTATION_COMMENTS = YES;
				CLANG_WARN_EMPTY_BODY = YES;
				CLANG_WARN_ENUM_CONVERSION = YES;
				CLANG_WARN_INFINITE_RECURSION = YES;
				CLANG_WARN_INT_CONVERSION = YES;
				CLANG_WARN_OBJC_ROOT_CLASS = YES_ERROR;
				CLANG_WARN_SUSPICIOUS_MOVE = YES;
				CLANG_WARN_UNREACHABLE_CODE = YES;
				CLANG_WARN__DUPLICATE_METHOD_MATCH = YES;
				"CODE_SIGN_IDENTITY[sdk=iphoneos*]" = "iPhone Developer";
				COPY_PHASE_STRIP = NO;
				DEBUG_INFORMATION_FORMAT = dwarf;
				ENABLE_STRICT_OBJC_MSGSEND = YES;
				ENABLE_TESTABILITY = YES;
				GCC_C_LANGUAGE_STANDARD = gnu99;
				GCC_DYNAMIC_NO_PIC = NO;
				GCC_NO_COMMON_BLOCKS = YES;
				GCC_OPTIMIZATION_LEVEL = 0;
				GCC_PREPROCESSOR_DEFINITIONS = (
					"DEBUG=1",
					"$(inherited)",
				);
				GCC_WARN_64_TO_32_BIT_CONVERSION = YES;
				GCC_WARN_ABOUT_RETURN_TYPE = YES_ERROR;
				GCC_WARN_UNDECLARED_SELECTOR = YES;
				GCC_WARN_UNINITIALIZED_AUTOS = YES_AGGRESSIVE;
				GCC_WARN_UNUSED_FUNCTION = YES;
				GCC_WARN_UNUSED_VARIABLE = YES;
				IPHONEOS_DEPLOYMENT_TARGET = 10.3;
				MTL_ENABLE_DEBUG_INFO = YES;
				ONLY_ACTIVE_ARCH = YES;
				SDKROOT = iphoneos;
				SWIFT_ACTIVE_COMPILATION_CONDITIONS = DEBUG;
				SWIFT_OPTIMIZATION_LEVEL = "-Onone";
			};
			name = Debug;
		};
		12B5AE301EA8D24B008627A4 /* Release */ = {
			isa = XCBuildConfiguration;
			buildSettings = {
				ALWAYS_SEARCH_USER_PATHS = NO;
				CLANG_ANALYZER_NONNULL = YES;
				CLANG_ANALYZER_NUMBER_OBJECT_CONVERSION = YES_AGGRESSIVE;
				CLANG_CXX_LANGUAGE_STANDARD = "gnu++0x";
				CLANG_CXX_LIBRARY = "libc++";
				CLANG_ENABLE_MODULES = YES;
				CLANG_ENABLE_OBJC_ARC = YES;
				CLANG_WARN_BOOL_CONVERSION = YES;
				CLANG_WARN_CONSTANT_CONVERSION = YES;
				CLANG_WARN_DIRECT_OBJC_ISA_USAGE = YES_ERROR;
				CLANG_WARN_DOCUMENTATION_COMMENTS = YES;
				CLANG_WARN_EMPTY_BODY = YES;
				CLANG_WARN_ENUM_CONVERSION = YES;
				CLANG_WARN_INFINITE_RECURSION = YES;
				CLANG_WARN_INT_CONVERSION = YES;
				CLANG_WARN_OBJC_ROOT_CLASS = YES_ERROR;
				CLANG_WARN_SUSPICIOUS_MOVE = YES;
				CLANG_WARN_UNREACHABLE_CODE = YES;
				CLANG_WARN__DUPLICATE_METHOD_MATCH = YES;
				"CODE_SIGN_IDENTITY[sdk=iphoneos*]" = "iPhone Developer";
				COPY_PHASE_STRIP = NO;
				DEBUG_INFORMATION_FORMAT = "dwarf-with-dsym";
				ENABLE_NS_ASSERTIONS = NO;
				ENABLE_STRICT_OBJC_MSGSEND = YES;
				GCC_C_LANGUAGE_STANDARD = gnu99;
				GCC_NO_COMMON_BLOCKS = YES;
				GCC_WARN_64_TO_32_BIT_CONVERSION = YES;
				GCC_WARN_ABOUT_RETURN_TYPE = YES_ERROR;
				GCC_WARN_UNDECLARED_SELECTOR = YES;
				GCC_WARN_UNINITIALIZED_AUTOS = YES_AGGRESSIVE;
				GCC_WARN_UNUSED_FUNCTION = YES;
				GCC_WARN_UNUSED_VARIABLE = YES;
				IPHONEOS_DEPLOYMENT_TARGET = 10.3;
				MTL_ENABLE_DEBUG_INFO = NO;
				SDKROOT = iphoneos;
				SWIFT_OPTIMIZATION_LEVEL = "-Owholemodule";
				VALIDATE_PRODUCT = YES;
			};
			name = Release;
		};
		12B5AE321EA8D24B008627A4 /* Debug */ = {
			isa = XCBuildConfiguration;
			baseConfigurationReference = 560A75B7F55BD57C5DB5D34E /* Pods-iTunesStoreRss.debug.xcconfig */;
			buildSettings = {
				ASSETCATALOG_COMPILER_APPICON_NAME = AppIcon;
				DEVELOPMENT_TEAM = XAKQ2G84WP;
				INFOPLIST_FILE = iTunesStoreRss/Info.plist;
				IPHONEOS_DEPLOYMENT_TARGET = 8.0;
				LD_RUNPATH_SEARCH_PATHS = "$(inherited) @executable_path/Frameworks";
				PRODUCT_BUNDLE_IDENTIFIER = kr.co.taewan.iTunesStoreRss;
				PRODUCT_NAME = "$(TARGET_NAME)";
				SWIFT_VERSION = 3.0;
			};
			name = Debug;
		};
		12B5AE331EA8D24B008627A4 /* Release */ = {
			isa = XCBuildConfiguration;
			baseConfigurationReference = 733BD8F209F84F6DD8107E2F /* Pods-iTunesStoreRss.release.xcconfig */;
			buildSettings = {
				ASSETCATALOG_COMPILER_APPICON_NAME = AppIcon;
				DEVELOPMENT_TEAM = XAKQ2G84WP;
				INFOPLIST_FILE = iTunesStoreRss/Info.plist;
				IPHONEOS_DEPLOYMENT_TARGET = 8.0;
				LD_RUNPATH_SEARCH_PATHS = "$(inherited) @executable_path/Frameworks";
				PRODUCT_BUNDLE_IDENTIFIER = kr.co.taewan.iTunesStoreRss;
				PRODUCT_NAME = "$(TARGET_NAME)";
				SWIFT_VERSION = 3.0;
			};
			name = Release;
		};
/* End XCBuildConfiguration section */

/* Begin XCConfigurationList section */
		12B5AE1A1EA8D24B008627A4 /* Build configuration list for PBXProject "iTunesStoreRss" */ = {
			isa = XCConfigurationList;
			buildConfigurations = (
				12B5AE2F1EA8D24B008627A4 /* Debug */,
				12B5AE301EA8D24B008627A4 /* Release */,
			);
			defaultConfigurationIsVisible = 0;
			defaultConfigurationName = Release;
		};
		12B5AE311EA8D24B008627A4 /* Build configuration list for PBXNativeTarget "iTunesStoreRss" */ = {
			isa = XCConfigurationList;
			buildConfigurations = (
				12B5AE321EA8D24B008627A4 /* Debug */,
				12B5AE331EA8D24B008627A4 /* Release */,
			);
			defaultConfigurationIsVisible = 0;
			defaultConfigurationName = Release;
		};
/* End XCConfigurationList section */
	};
	rootObject = 12B5AE171EA8D24B008627A4 /* Project object */;
}
